
Microsoft Visual Studio Solution File, Format Version 12.00
# Visual Studio Version 17
VisualStudioVersion = 17.2.32210.308
MinimumVisualStudioVersion = 10.0.40219.1
Project("{9A19103F-16F7-4668-BE54-9A1E7A4F7556}") = "AutoGeneratedSystem.Server", "AutoGeneratedSystem\Server\AutoGeneratedSystem.Server.csproj", "{6ED56E84-7732-4082-92AC-839E17142D17}"
EndProject
Project("{9A19103F-16F7-4668-BE54-9A1E7A4F7556}") = "AutoGeneratedSystem.Client", "AutoGeneratedSystem\Client\AutoGeneratedSystem.Client.csproj", "{FC3454A1-E5BF-4687-83E2-943F58B09A3D}"
EndProject
Project("{9A19103F-16F7-4668-BE54-9A1E7A4F7556}") = "AutoGeneratedSystem.Shared", "AutoGeneratedSystem\Shared\AutoGeneratedSystem.Shared.csproj", "{B247F379-F65E-4643-9B98-5E158BA19E4D}"
EndProject
Project("{9A19103F-16F7-4668-BE54-9A1E7A4F7556}") = "AutoGeneratedSystem.Models", "AutoGeneratedSystem.Models\AutoGeneratedSystem.Models.csproj", "{1D485433-EEB0-464C-A027-A388A713E421}"
EndProject
Project("{9A19103F-16F7-4668-BE54-9A1E7A4F7556}") = "AutoGeneratedSystem.Interfaces", "AutoGeneratedSystem.Interfaces\AutoGeneratedSystem.Interfaces.csproj", "{723F6867-6A93-414E-8F40-CD07CD28CF06}"
EndProject
Project("{9A19103F-16F7-4668-BE54-9A1E7A4F7556}") = "AutoGeneratedSystem.Interfaces.Generators", "AutoGeneratedSystem.Interfaces.Generators\AutoGeneratedSystem.Interfaces.Generators.csproj", "{2206B8EA-8543-497C-AA82-28AC0E19A8B6}"
EndProject
Project("{9A19103F-16F7-4668-BE54-9A1E7A4F7556}") = "AutoGeneratedSystem.Common", "AutoGeneratedSystem.Common\AutoGeneratedSystem.Common.csproj", "{9F42F94A-0EC2-484B-959B-3F8DAEAF4FD0}"
EndProject
Project("{9A19103F-16F7-4668-BE54-9A1E7A4F7556}") = "AutoGeneratedSystem.Server.Generators", "AutoGeneratedSystem.Server.Generators\AutoGeneratedSystem.Server.Generators.csproj", "{DFB95BBA-AAB5-4F6E-A1C0-FBA7A54B2691}"
EndProject
Project("{00D1A9C2-B5F0-4AF3-8072-F6C62B433612}") = "AutoGeneratedSystem.Database", "AutoGeneratedSystem.Database\AutoGeneratedSystem.Database.sqlproj", "{90C2DF16-019E-4579-92F2-52D5D192A15D}"
EndProject
Project("{9A19103F-16F7-4668-BE54-9A1E7A4F7556}") = "AutoGeneratedSystem.DataAccess", "AutoGeneratedSystem.DataAccess\AutoGeneratedSystem.DataAccess.csproj", "{3BB494F6-211B-4CAB-B1FC-95E69FBDB9D1}"
EndProject
Project("{9A19103F-16F7-4668-BE54-9A1E7A4F7556}") = "AutoGeneratedSystem.Services", "AutoGeneratedSystem.Services\AutoGeneratedSystem.Services.csproj", "{4222FD9F-F672-4B14-B99A-7CE8CFBCB805}"
EndProject
Project("{9A19103F-16F7-4668-BE54-9A1E7A4F7556}") = "AutoGeneratedSystem.Services.Generators", "AutoGeneratedSystem.Services.Generators\AutoGeneratedSystem.Services.Generators.csproj", "{E261E031-BE88-477F-8114-A6A69EE50EDE}"
EndProject
Project("{9A19103F-16F7-4668-BE54-9A1E7A4F7556}") = "AutoGeneratedSystem.ClientServices", "AutoGeneratedSystem.ClientServices\AutoGeneratedSystem.ClientServices.csproj", "{EC4E4D88-C8F8-42BF-AA2D-1D1234F12957}"
EndProject
Project("{9A19103F-16F7-4668-BE54-9A1E7A4F7556}") = "AutoGeneratedSystem.ClientServices.Generators", "AutoGeneratedSystem.ClientServices.Generators\AutoGeneratedSystem.ClientServices.Generators.csproj", "{58D0BF28-AAB6-445E-A03B-84B7CA506972}"
EndProject
Project("{9A19103F-16F7-4668-BE54-9A1E7A4F7556}") = "AutoGeneratedSystem.Client.Generators", "AutoGeneratedSystem.Client.Generators\AutoGeneratedSystem.Client.Generators.csproj", "{A1C5DAE5-829F-4364-95AA-43B17174EFD3}"
EndProject
Project("{FAE04EC0-301F-11D3-BF4B-00C04F79EFBC}") = "AutoGeneratedSystem.AutomatedTests", "AutoGeneratedSystem.AutomatedTests\AutoGeneratedSystem.AutomatedTests.csproj", "{504D0D25-7BE8-4FA4-92B6-DAD0E3073944}"
EndProject
Global
	GlobalSection(SolutionConfigurationPlatforms) = preSolution
		Debug|Any CPU = Debug|Any CPU
		Release|Any CPU = Release|Any CPU
	EndGlobalSection
	GlobalSection(ProjectConfigurationPlatforms) = postSolution
		{6ED56E84-7732-4082-92AC-839E17142D17}.Debug|Any CPU.ActiveCfg = Debug|Any CPU
		{6ED56E84-7732-4082-92AC-839E17142D17}.Debug|Any CPU.Build.0 = Debug|Any CPU
		{6ED56E84-7732-4082-92AC-839E17142D17}.Release|Any CPU.ActiveCfg = Release|Any CPU
		{6ED56E84-7732-4082-92AC-839E17142D17}.Release|Any CPU.Build.0 = Release|Any CPU
		{FC3454A1-E5BF-4687-83E2-943F58B09A3D}.Debug|Any CPU.ActiveCfg = Debug|Any CPU
		{FC3454A1-E5BF-4687-83E2-943F58B09A3D}.Debug|Any CPU.Build.0 = Debug|Any CPU
		{FC3454A1-E5BF-4687-83E2-943F58B09A3D}.Release|Any CPU.ActiveCfg = Release|Any CPU
		{FC3454A1-E5BF-4687-83E2-943F58B09A3D}.Release|Any CPU.Build.0 = Release|Any CPU
		{B247F379-F65E-4643-9B98-5E158BA19E4D}.Debug|Any CPU.ActiveCfg = Debug|Any CPU
		{B247F379-F65E-4643-9B98-5E158BA19E4D}.Debug|Any CPU.Build.0 = Debug|Any CPU
		{B247F379-F65E-4643-9B98-5E158BA19E4D}.Release|Any CPU.ActiveCfg = Release|Any CPU
		{B247F379-F65E-4643-9B98-5E158BA19E4D}.Release|Any CPU.Build.0 = Release|Any CPU
		{1D485433-EEB0-464C-A027-A388A713E421}.Debug|Any CPU.ActiveCfg = Debug|Any CPU
		{1D485433-EEB0-464C-A027-A388A713E421}.Debug|Any CPU.Build.0 = Debug|Any CPU
		{1D485433-EEB0-464C-A027-A388A713E421}.Release|Any CPU.ActiveCfg = Release|Any CPU
		{1D485433-EEB0-464C-A027-A388A713E421}.Release|Any CPU.Build.0 = Release|Any CPU
		{723F6867-6A93-414E-8F40-CD07CD28CF06}.Debug|Any CPU.ActiveCfg = Debug|Any CPU
		{723F6867-6A93-414E-8F40-CD07CD28CF06}.Debug|Any CPU.Build.0 = Debug|Any CPU
		{723F6867-6A93-414E-8F40-CD07CD28CF06}.Release|Any CPU.ActiveCfg = Release|Any CPU
		{723F6867-6A93-414E-8F40-CD07CD28CF06}.Release|Any CPU.Build.0 = Release|Any CPU
		{2206B8EA-8543-497C-AA82-28AC0E19A8B6}.Debug|Any CPU.ActiveCfg = Debug|Any CPU
		{2206B8EA-8543-497C-AA82-28AC0E19A8B6}.Debug|Any CPU.Build.0 = Debug|Any CPU
		{2206B8EA-8543-497C-AA82-28AC0E19A8B6}.Release|Any CPU.ActiveCfg = Release|Any CPU
		{2206B8EA-8543-497C-AA82-28AC0E19A8B6}.Release|Any CPU.Build.0 = Release|Any CPU
		{9F42F94A-0EC2-484B-959B-3F8DAEAF4FD0}.Debug|Any CPU.ActiveCfg = Debug|Any CPU
		{9F42F94A-0EC2-484B-959B-3F8DAEAF4FD0}.Debug|Any CPU.Build.0 = Debug|Any CPU
		{9F42F94A-0EC2-484B-959B-3F8DAEAF4FD0}.Release|Any CPU.ActiveCfg = Release|Any CPU
		{9F42F94A-0EC2-484B-959B-3F8DAEAF4FD0}.Release|Any CPU.Build.0 = Release|Any CPU
		{DFB95BBA-AAB5-4F6E-A1C0-FBA7A54B2691}.Debug|Any CPU.ActiveCfg = Debug|Any CPU
		{DFB95BBA-AAB5-4F6E-A1C0-FBA7A54B2691}.Debug|Any CPU.Build.0 = Debug|Any CPU
		{DFB95BBA-AAB5-4F6E-A1C0-FBA7A54B2691}.Release|Any CPU.ActiveCfg = Release|Any CPU
		{DFB95BBA-AAB5-4F6E-A1C0-FBA7A54B2691}.Release|Any CPU.Build.0 = Release|Any CPU
		{90C2DF16-019E-4579-92F2-52D5D192A15D}.Debug|Any CPU.ActiveCfg = Debug|Any CPU
		{90C2DF16-019E-4579-92F2-52D5D192A15D}.Debug|Any CPU.Build.0 = Debug|Any CPU
		{90C2DF16-019E-4579-92F2-52D5D192A15D}.Debug|Any CPU.Deploy.0 = Debug|Any CPU
		{90C2DF16-019E-4579-92F2-52D5D192A15D}.Release|Any CPU.ActiveCfg = Release|Any CPU
		{90C2DF16-019E-4579-92F2-52D5D192A15D}.Release|Any CPU.Build.0 = Release|Any CPU
		{90C2DF16-019E-4579-92F2-52D5D192A15D}.Release|Any CPU.Deploy.0 = Release|Any CPU
		{3BB494F6-211B-4CAB-B1FC-95E69FBDB9D1}.Debug|Any CPU.ActiveCfg = Debug|Any CPU
		{3BB494F6-211B-4CAB-B1FC-95E69FBDB9D1}.Debug|Any CPU.Build.0 = Debug|Any CPU
		{3BB494F6-211B-4CAB-B1FC-95E69FBDB9D1}.Release|Any CPU.ActiveCfg = Release|Any CPU
		{3BB494F6-211B-4CAB-B1FC-95E69FBDB9D1}.Release|Any CPU.Build.0 = Release|Any CPU
		{4222FD9F-F672-4B14-B99A-7CE8CFBCB805}.Debug|Any CPU.ActiveCfg = Debug|Any CPU
		{4222FD9F-F672-4B14-B99A-7CE8CFBCB805}.Debug|Any CPU.Build.0 = Debug|Any CPU
		{4222FD9F-F672-4B14-B99A-7CE8CFBCB805}.Release|Any CPU.ActiveCfg = Release|Any CPU
		{4222FD9F-F672-4B14-B99A-7CE8CFBCB805}.Release|Any CPU.Build.0 = Release|Any CPU
		{E261E031-BE88-477F-8114-A6A69EE50EDE}.Debug|Any CPU.ActiveCfg = Debug|Any CPU
		{E261E031-BE88-477F-8114-A6A69EE50EDE}.Debug|Any CPU.Build.0 = Debug|Any CPU
		{E261E031-BE88-477F-8114-A6A69EE50EDE}.Release|Any CPU.ActiveCfg = Release|Any CPU
		{E261E031-BE88-477F-8114-A6A69EE50EDE}.Release|Any CPU.Build.0 = Release|Any CPU
		{EC4E4D88-C8F8-42BF-AA2D-1D1234F12957}.Debug|Any CPU.ActiveCfg = Debug|Any CPU
		{EC4E4D88-C8F8-42BF-AA2D-1D1234F12957}.Debug|Any CPU.Build.0 = Debug|Any CPU
		{EC4E4D88-C8F8-42BF-AA2D-1D1234F12957}.Release|Any CPU.ActiveCfg = Release|Any CPU
		{EC4E4D88-C8F8-42BF-AA2D-1D1234F12957}.Release|Any CPU.Build.0 = Release|Any CPU
		{58D0BF28-AAB6-445E-A03B-84B7CA506972}.Debug|Any CPU.ActiveCfg = Debug|Any CPU
		{58D0BF28-AAB6-445E-A03B-84B7CA506972}.Debug|Any CPU.Build.0 = Debug|Any CPU
		{58D0BF28-AAB6-445E-A03B-84B7CA506972}.Release|Any CPU.ActiveCfg = Release|Any CPU
		{58D0BF28-AAB6-445E-A03B-84B7CA506972}.Release|Any CPU.Build.0 = Release|Any CPU
		{A1C5DAE5-829F-4364-95AA-43B17174EFD3}.Debug|Any CPU.ActiveCfg = Debug|Any CPU
		{A1C5DAE5-829F-4364-95AA-43B17174EFD3}.Debug|Any CPU.Build.0 = Debug|Any CPU
		{A1C5DAE5-829F-4364-95AA-43B17174EFD3}.Release|Any CPU.ActiveCfg = Release|Any CPU
		{A1C5DAE5-829F-4364-95AA-43B17174EFD3}.Release|Any CPU.Build.0 = Release|Any CPU
		{504D0D25-7BE8-4FA4-92B6-DAD0E3073944}.Debug|Any CPU.ActiveCfg = Debug|Any CPU
		{504D0D25-7BE8-4FA4-92B6-DAD0E3073944}.Debug|Any CPU.Build.0 = Debug|Any CPU
		{504D0D25-7BE8-4FA4-92B6-DAD0E3073944}.Release|Any CPU.ActiveCfg = Release|Any CPU
		{504D0D25-7BE8-4FA4-92B6-DAD0E3073944}.Release|Any CPU.Build.0 = Release|Any CPU
	EndGlobalSection
	GlobalSection(SolutionProperties) = preSolution
		HideSolutionNode = FALSE
	EndGlobalSection
	GlobalSection(ExtensibilityGlobals) = postSolution
		SolutionGuid = {9BB0853D-15C4-438A-9D4D-45AFB123684E}
	EndGlobalSection
EndGlobal
